// !$*UTF8*$!
{
	archiveVersion = 1;
	classes = {
	};
	objectVersion = 55;
	objects = {

/* Begin PBXBuildFile section */
		D6C653C227D52FF500A96D44 /* Tests_iOS.swift in Sources */ = {isa = PBXBuildFile; fileRef = D6C653C127D52FF500A96D44 /* Tests_iOS.swift */; };
		D6C653C427D52FF500A96D44 /* Tests_iOSLaunchTests.swift in Sources */ = {isa = PBXBuildFile; fileRef = D6C653C327D52FF500A96D44 /* Tests_iOSLaunchTests.swift */; };
		D6C653CE27D52FF500A96D44 /* Tests_macOS.swift in Sources */ = {isa = PBXBuildFile; fileRef = D6C653CD27D52FF500A96D44 /* Tests_macOS.swift */; };
		D6C653D027D52FF500A96D44 /* Tests_macOSLaunchTests.swift in Sources */ = {isa = PBXBuildFile; fileRef = D6C653CF27D52FF500A96D44 /* Tests_macOSLaunchTests.swift */; };
		D6C653D127D52FF500A96D44 /* DataStructuresStackApp.swift in Sources */ = {isa = PBXBuildFile; fileRef = D6C653A927D52FF300A96D44 /* DataStructuresStackApp.swift */; };
		D6C653D227D52FF500A96D44 /* DataStructuresStackApp.swift in Sources */ = {isa = PBXBuildFile; fileRef = D6C653A927D52FF300A96D44 /* DataStructuresStackApp.swift */; };
		D6C653D327D52FF500A96D44 /* ContentView.swift in Sources */ = {isa = PBXBuildFile; fileRef = D6C653AA27D52FF300A96D44 /* ContentView.swift */; };
		D6C653D427D52FF500A96D44 /* ContentView.swift in Sources */ = {isa = PBXBuildFile; fileRef = D6C653AA27D52FF300A96D44 /* ContentView.swift */; };
		D6C653D527D52FF500A96D44 /* Assets.xcassets in Resources */ = {isa = PBXBuildFile; fileRef = D6C653AB27D52FF500A96D44 /* Assets.xcassets */; };
		D6C653D627D52FF500A96D44 /* Assets.xcassets in Resources */ = {isa = PBXBuildFile; fileRef = D6C653AB27D52FF500A96D44 /* Assets.xcassets */; };
		D6C653E627D5356800A96D44 /* Stack.swift in Sources */ = {isa = PBXBuildFile; fileRef = D6C653E527D5356800A96D44 /* Stack.swift */; };
		D6C653E727D5356800A96D44 /* Stack.swift in Sources */ = {isa = PBXBuildFile; fileRef = D6C653E527D5356800A96D44 /* Stack.swift */; };
		D6C653E927D5686500A96D44 /* ContentViewModel.swift in Sources */ = {isa = PBXBuildFile; fileRef = D6C653E827D5686500A96D44 /* ContentViewModel.swift */; };
		D6C653EA27D5686500A96D44 /* ContentViewModel.swift in Sources */ = {isa = PBXBuildFile; fileRef = D6C653E827D5686500A96D44 /* ContentViewModel.swift */; };
/* End PBXBuildFile section */

/* Begin PBXContainerItemProxy section */
		D6C653BE27D52FF500A96D44 /* PBXContainerItemProxy */ = {
			isa = PBXContainerItemProxy;
			containerPortal = D6C653A427D52FF300A96D44 /* Project object */;
			proxyType = 1;
			remoteGlobalIDString = D6C653AF27D52FF500A96D44;
			remoteInfo = "DataStructuresStack (iOS)";
		};
		D6C653CA27D52FF500A96D44 /* PBXContainerItemProxy */ = {
			isa = PBXContainerItemProxy;
			containerPortal = D6C653A427D52FF300A96D44 /* Project object */;
			proxyType = 1;
			remoteGlobalIDString = D6C653B527D52FF500A96D44;
			remoteInfo = "DataStructuresStack (macOS)";
		};
/* End PBXContainerItemProxy section */

/* Begin PBXFileReference section */
		D6C653A927D52FF300A96D44 /* DataStructuresStackApp.swift */ = {isa = PBXFileReference; lastKnownFileType = sourcecode.swift; path = DataStructuresStackApp.swift; sourceTree = "<group>"; };
		D6C653AA27D52FF300A96D44 /* ContentView.swift */ = {isa = PBXFileReference; lastKnownFileType = sourcecode.swift; path = ContentView.swift; sourceTree = "<group>"; };
		D6C653AB27D52FF500A96D44 /* Assets.xcassets */ = {isa = PBXFileReference; lastKnownFileType = folder.assetcatalog; path = Assets.xcassets; sourceTree = "<group>"; };
		D6C653B027D52FF500A96D44 /* DataStructuresStack.app */ = {isa = PBXFileReference; explicitFileType = wrapper.application; includeInIndex = 0; path = DataStructuresStack.app; sourceTree = BUILT_PRODUCTS_DIR; };
		D6C653B627D52FF500A96D44 /* DataStructuresStack.app */ = {isa = PBXFileReference; explicitFileType = wrapper.application; includeInIndex = 0; path = DataStructuresStack.app; sourceTree = BUILT_PRODUCTS_DIR; };
		D6C653B827D52FF500A96D44 /* macOS.entitlements */ = {isa = PBXFileReference; lastKnownFileType = text.plist.entitlements; path = macOS.entitlements; sourceTree = "<group>"; };
		D6C653BD27D52FF500A96D44 /* Tests iOS.xctest */ = {isa = PBXFileReference; explicitFileType = wrapper.cfbundle; includeInIndex = 0; path = "Tests iOS.xctest"; sourceTree = BUILT_PRODUCTS_DIR; };
		D6C653C127D52FF500A96D44 /* Tests_iOS.swift */ = {isa = PBXFileReference; lastKnownFileType = sourcecode.swift; path = Tests_iOS.swift; sourceTree = "<group>"; };
		D6C653C327D52FF500A96D44 /* Tests_iOSLaunchTests.swift */ = {isa = PBXFileReference; lastKnownFileType = sourcecode.swift; path = Tests_iOSLaunchTests.swift; sourceTree = "<group>"; };
		D6C653C927D52FF500A96D44 /* Tests macOS.xctest */ = {isa = PBXFileReference; explicitFileType = wrapper.cfbundle; includeInIndex = 0; path = "Tests macOS.xctest"; sourceTree = BUILT_PRODUCTS_DIR; };
		D6C653CD27D52FF500A96D44 /* Tests_macOS.swift */ = {isa = PBXFileReference; lastKnownFileType = sourcecode.swift; path = Tests_macOS.swift; sourceTree = "<group>"; };
		D6C653CF27D52FF500A96D44 /* Tests_macOSLaunchTests.swift */ = {isa = PBXFileReference; lastKnownFileType = sourcecode.swift; path = Tests_macOSLaunchTests.swift; sourceTree = "<group>"; };
		D6C653E527D5356800A96D44 /* Stack.swift */ = {isa = PBXFileReference; lastKnownFileType = sourcecode.swift; path = Stack.swift; sourceTree = "<group>"; };
		D6C653E827D5686500A96D44 /* ContentViewModel.swift */ = {isa = PBXFileReference; lastKnownFileType = sourcecode.swift; path = ContentViewModel.swift; sourceTree = "<group>"; };
/* End PBXFileReference section */

/* Begin PBXFrameworksBuildPhase section */
		D6C653AD27D52FF500A96D44 /* Frameworks */ = {
			isa = PBXFrameworksBuildPhase;
			buildActionMask = 2147483647;
			files = (
			);
			runOnlyForDeploymentPostprocessing = 0;
		};
		D6C653B327D52FF500A96D44 /* Frameworks */ = {
			isa = PBXFrameworksBuildPhase;
			buildActionMask = 2147483647;
			files = (
			);
			runOnlyForDeploymentPostprocessing = 0;
		};
		D6C653BA27D52FF500A96D44 /* Frameworks */ = {
			isa = PBXFrameworksBuildPhase;
			buildActionMask = 2147483647;
			files = (
			);
			runOnlyForDeploymentPostprocessing = 0;
		};
		D6C653C627D52FF500A96D44 /* Frameworks */ = {
			isa = PBXFrameworksBuildPhase;
			buildActionMask = 2147483647;
			files = (
			);
			runOnlyForDeploymentPostprocessing = 0;
		};
/* End PBXFrameworksBuildPhase section */

/* Begin PBXGroup section */
		D6C653A327D52FF300A96D44 = {
			isa = PBXGroup;
			children = (
				D6C653A827D52FF300A96D44 /* Shared */,
				D6C653B727D52FF500A96D44 /* macOS */,
				D6C653C027D52FF500A96D44 /* Tests iOS */,
				D6C653CC27D52FF500A96D44 /* Tests macOS */,
				D6C653B127D52FF500A96D44 /* Products */,
			);
			sourceTree = "<group>";
		};
		D6C653A827D52FF300A96D44 /* Shared */ = {
			isa = PBXGroup;
			children = (
				D6C653A927D52FF300A96D44 /* DataStructuresStackApp.swift */,
				D6C653AA27D52FF300A96D44 /* ContentView.swift */,
				D6C653E827D5686500A96D44 /* ContentViewModel.swift */,
				D6C653E527D5356800A96D44 /* Stack.swift */,
				D6C653AB27D52FF500A96D44 /* Assets.xcassets */,
			);
			path = Shared;
			sourceTree = "<group>";
		};
		D6C653B127D52FF500A96D44 /* Products */ = {
			isa = PBXGroup;
			children = (
				D6C653B027D52FF500A96D44 /* DataStructuresStack.app */,
				D6C653B627D52FF500A96D44 /* DataStructuresStack.app */,
				D6C653BD27D52FF500A96D44 /* Tests iOS.xctest */,
				D6C653C927D52FF500A96D44 /* Tests macOS.xctest */,
			);
			name = Products;
			sourceTree = "<group>";
		};
		D6C653B727D52FF500A96D44 /* macOS */ = {
			isa = PBXGroup;
			children = (
				D6C653B827D52FF500A96D44 /* macOS.entitlements */,
			);
			path = macOS;
			sourceTree = "<group>";
		};
		D6C653C027D52FF500A96D44 /* Tests iOS */ = {
			isa = PBXGroup;
			children = (
				D6C653C127D52FF500A96D44 /* Tests_iOS.swift */,
				D6C653C327D52FF500A96D44 /* Tests_iOSLaunchTests.swift */,
			);
			path = "Tests iOS";
			sourceTree = "<group>";
		};
		D6C653CC27D52FF500A96D44 /* Tests macOS */ = {
			isa = PBXGroup;
			children = (
				D6C653CD27D52FF500A96D44 /* Tests_macOS.swift */,
				D6C653CF27D52FF500A96D44 /* Tests_macOSLaunchTests.swift */,
			);
			path = "Tests macOS";
			sourceTree = "<group>";
		};
/* End PBXGroup section */

/* Begin PBXNativeTarget section */
		D6C653AF27D52FF500A96D44 /* DataStructuresStack (iOS) */ = {
			isa = PBXNativeTarget;
			buildConfigurationList = D6C653D927D52FF500A96D44 /* Build configuration list for PBXNativeTarget "DataStructuresStack (iOS)" */;
			buildPhases = (
				D6C653AC27D52FF500A96D44 /* Sources */,
				D6C653AD27D52FF500A96D44 /* Frameworks */,
				D6C653AE27D52FF500A96D44 /* Resources */,
			);
			buildRules = (
			);
			dependencies = (
			);
			name = "DataStructuresStack (iOS)";
			productName = "DataStructuresStack (iOS)";
			productReference = D6C653B027D52FF500A96D44 /* DataStructuresStack.app */;
			productType = "com.apple.product-type.application";
		};
		D6C653B527D52FF500A96D44 /* DataStructuresStack (macOS) */ = {
			isa = PBXNativeTarget;
			buildConfigurationList = D6C653DC27D52FF500A96D44 /* Build configuration list for PBXNativeTarget "DataStructuresStack (macOS)" */;
			buildPhases = (
				D6C653B227D52FF500A96D44 /* Sources */,
				D6C653B327D52FF500A96D44 /* Frameworks */,
				D6C653B427D52FF500A96D44 /* Resources */,
			);
			buildRules = (
			);
			dependencies = (
			);
			name = "DataStructuresStack (macOS)";
			productName = "DataStructuresStack (macOS)";
			productReference = D6C653B627D52FF500A96D44 /* DataStructuresStack.app */;
			productType = "com.apple.product-type.application";
		};
		D6C653BC27D52FF500A96D44 /* Tests iOS */ = {
			isa = PBXNativeTarget;
			buildConfigurationList = D6C653DF27D52FF500A96D44 /* Build configuration list for PBXNativeTarget "Tests iOS" */;
			buildPhases = (
				D6C653B927D52FF500A96D44 /* Sources */,
				D6C653BA27D52FF500A96D44 /* Frameworks */,
				D6C653BB27D52FF500A96D44 /* Resources */,
			);
			buildRules = (
			);
			dependencies = (
				D6C653BF27D52FF500A96D44 /* PBXTargetDependency */,
			);
			name = "Tests iOS";
			productName = "Tests iOS";
			productReference = D6C653BD27D52FF500A96D44 /* Tests iOS.xctest */;
			productType = "com.apple.product-type.bundle.ui-testing";
		};
		D6C653C827D52FF500A96D44 /* Tests macOS */ = {
			isa = PBXNativeTarget;
			buildConfigurationList = D6C653E227D52FF500A96D44 /* Build configuration list for PBXNativeTarget "Tests macOS" */;
			buildPhases = (
				D6C653C527D52FF500A96D44 /* Sources */,
				D6C653C627D52FF500A96D44 /* Frameworks */,
				D6C653C727D52FF500A96D44 /* Resources */,
			);
			buildRules = (
			);
			dependencies = (
				D6C653CB27D52FF500A96D44 /* PBXTargetDependency */,
			);
			name = "Tests macOS";
			productName = "Tests macOS";
			productReference = D6C653C927D52FF500A96D44 /* Tests macOS.xctest */;
			productType = "com.apple.product-type.bundle.ui-testing";
		};
/* End PBXNativeTarget section */

/* Begin PBXProject section */
		D6C653A427D52FF300A96D44 /* Project object */ = {
			isa = PBXProject;
			attributes = {
				BuildIndependentTargetsInParallel = 1;
				LastSwiftUpdateCheck = 1310;
				LastUpgradeCheck = 1310;
				TargetAttributes = {
					D6C653AF27D52FF500A96D44 = {
						CreatedOnToolsVersion = 13.1;
					};
					D6C653B527D52FF500A96D44 = {
						CreatedOnToolsVersion = 13.1;
					};
					D6C653BC27D52FF500A96D44 = {
						CreatedOnToolsVersion = 13.1;
						TestTargetID = D6C653AF27D52FF500A96D44;
					};
					D6C653C827D52FF500A96D44 = {
						CreatedOnToolsVersion = 13.1;
						TestTargetID = D6C653B527D52FF500A96D44;
					};
				};
			};
			buildConfigurationList = D6C653A727D52FF300A96D44 /* Build configuration list for PBXProject "DataStructuresStack" */;
			compatibilityVersion = "Xcode 13.0";
			developmentRegion = en;
			hasScannedForEncodings = 0;
			knownRegions = (
				en,
				Base,
			);
			mainGroup = D6C653A327D52FF300A96D44;
			productRefGroup = D6C653B127D52FF500A96D44 /* Products */;
			projectDirPath = "";
			projectRoot = "";
			targets = (
				D6C653AF27D52FF500A96D44 /* DataStructuresStack (iOS) */,
				D6C653B527D52FF500A96D44 /* DataStructuresStack (macOS) */,
				D6C653BC27D52FF500A96D44 /* Tests iOS */,
				D6C653C827D52FF500A96D44 /* Tests macOS */,
			);
		};
/* End PBXProject section */

/* Begin PBXResourcesBuildPhase section */
		D6C653AE27D52FF500A96D44 /* Resources */ = {
			isa = PBXResourcesBuildPhase;
			buildActionMask = 2147483647;
			files = (
				D6C653D527D52FF500A96D44 /* Assets.xcassets in Resources */,
			);
			runOnlyForDeploymentPostprocessing = 0;
		};
		D6C653B427D52FF500A96D44 /* Resources */ = {
			isa = PBXResourcesBuildPhase;
			buildActionMask = 2147483647;
			files = (
				D6C653D627D52FF500A96D44 /* Assets.xcassets in Resources */,
			);
			runOnlyForDeploymentPostprocessing = 0;
		};
		D6C653BB27D52FF500A96D44 /* Resources */ = {
			isa = PBXResourcesBuildPhase;
			buildActionMask = 2147483647;
			files = (
			);
			runOnlyForDeploymentPostprocessing = 0;
		};
		D6C653C727D52FF500A96D44 /* Resources */ = {
			isa = PBXResourcesBuildPhase;
			buildActionMask = 2147483647;
			files = (
			);
			runOnlyForDeploymentPostprocessing = 0;
		};
/* End PBXResourcesBuildPhase section */

/* Begin PBXSourcesBuildPhase section */
		D6C653AC27D52FF500A96D44 /* Sources */ = {
			isa = PBXSourcesBuildPhase;
			buildActionMask = 2147483647;
			files = (
				D6C653E927D5686500A96D44 /* ContentViewModel.swift in Sources */,
				D6C653D327D52FF500A96D44 /* ContentView.swift in Sources */,
				D6C653E627D5356800A96D44 /* Stack.swift in Sources */,
				D6C653D127D52FF500A96D44 /* DataStructuresStackApp.swift in Sources */,
			);
			runOnlyForDeploymentPostprocessing = 0;
		};
		D6C653B227D52FF500A96D44 /* Sources */ = {
			isa = PBXSourcesBuildPhase;
			buildActionMask = 2147483647;
			files = (
				D6C653EA27D5686500A96D44 /* ContentViewModel.swift in Sources */,
				D6C653D427D52FF500A96D44 /* ContentView.swift in Sources */,
				D6C653E727D5356800A96D44 /* Stack.swift in Sources */,
				D6C653D227D52FF500A96D44 /* DataStructuresStackApp.swift in Sources */,
			);
			runOnlyForDeploymentPostprocessing = 0;
		};
		D6C653B927D52FF500A96D44 /* Sources */ = {
			isa = PBXSourcesBuildPhase;
			buildActionMask = 2147483647;
			files = (
				D6C653C427D52FF500A96D44 /* Tests_iOSLaunchTests.swift in Sources */,
				D6C653C227D52FF500A96D44 /* Tests_iOS.swift in Sources */,
			);
			runOnlyForDeploymentPostprocessing = 0;
		};
		D6C653C527D52FF500A96D44 /* Sources */ = {
			isa = PBXSourcesBuildPhase;
			buildActionMask = 2147483647;
			files = (
				D6C653D027D52FF500A96D44 /* Tests_macOSLaunchTests.swift in Sources */,
				D6C653CE27D52FF500A96D44 /* Tests_macOS.swift in Sources */,
			);
			runOnlyForDeploymentPostprocessing = 0;
		};
/* End PBXSourcesBuildPhase section */

/* Begin PBXTargetDependency section */
		D6C653BF27D52FF500A96D44 /* PBXTargetDependency */ = {
			isa = PBXTargetDependency;
			target = D6C653AF27D52FF500A96D44 /* DataStructuresStack (iOS) */;
			targetProxy = D6C653BE27D52FF500A96D44 /* PBXContainerItemProxy */;
		};
		D6C653CB27D52FF500A96D44 /* PBXTargetDependency */ = {
			isa = PBXTargetDependency;
			target = D6C653B527D52FF500A96D44 /* DataStructuresStack (macOS) */;
			targetProxy = D6C653CA27D52FF500A96D44 /* PBXContainerItemProxy */;
		};
/* End PBXTargetDependency section */

/* Begin XCBuildConfiguration section */
		D6C653D727D52FF500A96D44 /* Debug */ = {
			isa = XCBuildConfiguration;
			buildSettings = {
				ALWAYS_SEARCH_USER_PATHS = NO;
				CLANG_ANALYZER_NONNULL = YES;
				CLANG_ANALYZER_NUMBER_OBJECT_CONVERSION = YES_AGGRESSIVE;
				CLANG_CXX_LANGUAGE_STANDARD = "gnu++17";
				CLANG_CXX_LIBRARY = "libc++";
				CLANG_ENABLE_MODULES = YES;
				CLANG_ENABLE_OBJC_ARC = YES;
				CLANG_ENABLE_OBJC_WEAK = YES;
				CLANG_WARN_BLOCK_CAPTURE_AUTORELEASING = YES;
				CLANG_WARN_BOOL_CONVERSION = YES;
				CLANG_WARN_COMMA = YES;
				CLANG_WARN_CONSTANT_CONVERSION = YES;
				CLANG_WARN_DEPRECATED_OBJC_IMPLEMENTATIONS = YES;
				CLANG_WARN_DIRECT_OBJC_ISA_USAGE = YES_ERROR;
				CLANG_WARN_DOCUMENTATION_COMMENTS = YES;
				CLANG_WARN_EMPTY_BODY = YES;
				CLANG_WARN_ENUM_CONVERSION = YES;
				CLANG_WARN_INFINITE_RECURSION = YES;
				CLANG_WARN_INT_CONVERSION = YES;
				CLANG_WARN_NON_LITERAL_NULL_CONVERSION = YES;
				CLANG_WARN_OBJC_IMPLICIT_RETAIN_SELF = YES;
				CLANG_WARN_OBJC_LITERAL_CONVERSION = YES;
				CLANG_WARN_OBJC_ROOT_CLASS = YES_ERROR;
				CLANG_WARN_QUOTED_INCLUDE_IN_FRAMEWORK_HEADER = YES;
				CLANG_WARN_RANGE_LOOP_ANALYSIS = YES;
				CLANG_WARN_STRICT_PROTOTYPES = YES;
				CLANG_WARN_SUSPICIOUS_MOVE = YES;
				CLANG_WARN_UNGUARDED_AVAILABILITY = YES_AGGRESSIVE;
				CLANG_WARN_UNREACHABLE_CODE = YES;
				CLANG_WARN__DUPLICATE_METHOD_MATCH = YES;
				COPY_PHASE_STRIP = NO;
				DEBUG_INFORMATION_FORMAT = dwarf;
				ENABLE_STRICT_OBJC_MSGSEND = YES;
				ENABLE_TESTABILITY = YES;
				GCC_C_LANGUAGE_STANDARD = gnu11;
				GCC_DYNAMIC_NO_PIC = NO;
				GCC_NO_COMMON_BLOCKS = YES;
				GCC_OPTIMIZATION_LEVEL = 0;
				GCC_PREPROCESSOR_DEFINITIONS = (
					"DEBUG=1",
					"$(inherited)",
				);
				GCC_WARN_64_TO_32_BIT_CONVERSION = YES;
				GCC_WARN_ABOUT_RETURN_TYPE = YES_ERROR;
				GCC_WARN_UNDECLARED_SELECTOR = YES;
				GCC_WARN_UNINITIALIZED_AUTOS = YES_AGGRESSIVE;
				GCC_WARN_UNUSED_FUNCTION = YES;
				GCC_WARN_UNUSED_VARIABLE = YES;
				MTL_ENABLE_DEBUG_INFO = INCLUDE_SOURCE;
				MTL_FAST_MATH = YES;
				ONLY_ACTIVE_ARCH = YES;
				SWIFT_ACTIVE_COMPILATION_CONDITIONS = DEBUG;
				SWIFT_OPTIMIZATION_LEVEL = "-Onone";
			};
			name = Debug;
		};
		D6C653D827D52FF500A96D44 /* Release */ = {
			isa = XCBuildConfiguration;
			buildSettings = {
				ALWAYS_SEARCH_USER_PATHS = NO;
				CLANG_ANALYZER_NONNULL = YES;
				CLANG_ANALYZER_NUMBER_OBJECT_CONVERSION = YES_AGGRESSIVE;
				CLANG_CXX_LANGUAGE_STANDARD = "gnu++17";
				CLANG_CXX_LIBRARY = "libc++";
				CLANG_ENABLE_MODULES = YES;
				CLANG_ENABLE_OBJC_ARC = YES;
				CLANG_ENABLE_OBJC_WEAK = YES;
				CLANG_WARN_BLOCK_CAPTURE_AUTORELEASING = YES;
				CLANG_WARN_BOOL_CONVERSION = YES;
				CLANG_WARN_COMMA = YES;
				CLANG_WARN_CONSTANT_CONVERSION = YES;
				CLANG_WARN_DEPRECATED_OBJC_IMPLEMENTATIONS = YES;
				CLANG_WARN_DIRECT_OBJC_ISA_USAGE = YES_ERROR;
				CLANG_WARN_DOCUMENTATION_COMMENTS = YES;
				CLANG_WARN_EMPTY_BODY = YES;
				CLANG_WARN_ENUM_CONVERSION = YES;
				CLANG_WARN_INFINITE_RECURSION = YES;
				CLANG_WARN_INT_CONVERSION = YES;
				CLANG_WARN_NON_LITERAL_NULL_CONVERSION = YES;
				CLANG_WARN_OBJC_IMPLICIT_RETAIN_SELF = YES;
				CLANG_WARN_OBJC_LITERAL_CONVERSION = YES;
				CLANG_WARN_OBJC_ROOT_CLASS = YES_ERROR;
				CLANG_WARN_QUOTED_INCLUDE_IN_FRAMEWORK_HEADER = YES;
				CLANG_WARN_RANGE_LOOP_ANALYSIS = YES;
				CLANG_WARN_STRICT_PROTOTYPES = YES;
				CLANG_WARN_SUSPICIOUS_MOVE = YES;
				CLANG_WARN_UNGUARDED_AVAILABILITY = YES_AGGRESSIVE;
				CLANG_WARN_UNREACHABLE_CODE = YES;
				CLANG_WARN__DUPLICATE_METHOD_MATCH = YES;
				COPY_PHASE_STRIP = NO;
				DEBUG_INFORMATION_FORMAT = "dwarf-with-dsym";
				ENABLE_NS_ASSERTIONS = NO;
				ENABLE_STRICT_OBJC_MSGSEND = YES;
				GCC_C_LANGUAGE_STANDARD = gnu11;
				GCC_NO_COMMON_BLOCKS = YES;
				GCC_WARN_64_TO_32_BIT_CONVERSION = YES;
				GCC_WARN_ABOUT_RETURN_TYPE = YES_ERROR;
				GCC_WARN_UNDECLARED_SELECTOR = YES;
				GCC_WARN_UNINITIALIZED_AUTOS = YES_AGGRESSIVE;
				GCC_WARN_UNUSED_FUNCTION = YES;
				GCC_WARN_UNUSED_VARIABLE = YES;
				MTL_ENABLE_DEBUG_INFO = NO;
				MTL_FAST_MATH = YES;
				SWIFT_COMPILATION_MODE = wholemodule;
				SWIFT_OPTIMIZATION_LEVEL = "-O";
			};
			name = Release;
		};
		D6C653DA27D52FF500A96D44 /* Debug */ = {
			isa = XCBuildConfiguration;
			buildSettings = {
				ASSETCATALOG_COMPILER_APPICON_NAME = AppIcon;
				ASSETCATALOG_COMPILER_GLOBAL_ACCENT_COLOR_NAME = AccentColor;
				CODE_SIGN_STYLE = Automatic;
				CURRENT_PROJECT_VERSION = 1;
				DEVELOPMENT_TEAM = L383VF5J3N;
				ENABLE_PREVIEWS = YES;
				GENERATE_INFOPLIST_FILE = YES;
				INFOPLIST_KEY_UIApplicationSceneManifest_Generation = YES;
				INFOPLIST_KEY_UIApplicationSupportsIndirectInputEvents = YES;
				INFOPLIST_KEY_UILaunchScreen_Generation = YES;
				INFOPLIST_KEY_UISupportedInterfaceOrientations_iPad = "UIInterfaceOrientationPortrait UIInterfaceOrientationPortraitUpsideDown UIInterfaceOrientationLandscapeLeft UIInterfaceOrientationLandscapeRight";
				INFOPLIST_KEY_UISupportedInterfaceOrientations_iPhone = "UIInterfaceOrientationPortrait UIInterfaceOrientationLandscapeLeft UIInterfaceOrientationLandscapeRight";
				IPHONEOS_DEPLOYMENT_TARGET = 15.0;
				LD_RUNPATH_SEARCH_PATHS = (
					"$(inherited)",
					"@executable_path/Frameworks",
				);
				MARKETING_VERSION = 1.0;
				PRODUCT_BUNDLE_IDENTIFIER = t.org.DataStructuresStack;
				PRODUCT_NAME = DataStructuresStack;
				SDKROOT = iphoneos;
				SWIFT_EMIT_LOC_STRINGS = YES;
				SWIFT_VERSION = 5.0;
				TARGETED_DEVICE_FAMILY = "1,2";
			};
			name = Debug;
		};
		D6C653DB27D52FF500A96D44 /* Release */ = {
			isa = XCBuildConfiguration;
			buildSettings = {
				ASSETCATALOG_COMPILER_APPICON_NAME = AppIcon;
				ASSETCATALOG_COMPILER_GLOBAL_ACCENT_COLOR_NAME = AccentColor;
				CODE_SIGN_STYLE = Automatic;
				CURRENT_PROJECT_VERSION = 1;
				DEVELOPMENT_TEAM = L383VF5J3N;
				ENABLE_PREVIEWS = YES;
				GENERATE_INFOPLIST_FILE = YES;
				INFOPLIST_KEY_UIApplicationSceneManifest_Generation = YES;
				INFOPLIST_KEY_UIApplicationSupportsIndirectInputEvents = YES;
				INFOPLIST_KEY_UILaunchScreen_Generation = YES;
				INFOPLIST_KEY_UISupportedInterfaceOrientations_iPad = "UIInterfaceOrientationPortrait UIInterfaceOrientationPortraitUpsideDown UIInterfaceOrientationLandscapeLeft UIInterfaceOrientationLandscapeRight";
				INFOPLIST_KEY_UISupportedInterfaceOrientations_iPhone = "UIInterfaceOrientationPortrait UIInterfaceOrientationLandscapeLeft UIInterfaceOrientationLandscapeRight";
				IPHONEOS_DEPLOYMENT_TARGET = 15.0;
				LD_RUNPATH_SEARCH_PATHS = (
					"$(inherited)",
					"@executable_path/Frameworks",
				);
				MARKETING_VERSION = 1.0;
				PRODUCT_BUNDLE_IDENTIFIER = t.org.DataStructuresStack;
				PRODUCT_NAME = DataStructuresStack;
				SDKROOT = iphoneos;
				SWIFT_EMIT_LOC_STRINGS = YES;
				SWIFT_VERSION = 5.0;
				TARGETED_DEVICE_FAMILY = "1,2";
				VALIDATE_PRODUCT = YES;
			};
			name = Release;
		};
		D6C653DD27D52FF500A96D44 /* Debug */ = {
			isa = XCBuildConfiguration;
			buildSettings = {
				ASSETCATALOG_COMPILER_APPICON_NAME = AppIcon;
				ASSETCATALOG_COMPILER_GLOBAL_ACCENT_COLOR_NAME = AccentColor;
				CODE_SIGN_ENTITLEMENTS = macOS/macOS.entitlements;
				CODE_SIGN_STYLE = Automatic;
				COMBINE_HIDPI_IMAGES = YES;
				CURRENT_PROJECT_VERSION = 1;
				ENABLE_PREVIEWS = YES;
				GENERATE_INFOPLIST_FILE = YES;
				INFOPLIST_KEY_NSHumanReadableCopyright = "";
				LD_RUNPATH_SEARCH_PATHS = (
					"$(inherited)",
					"@executable_path/../Frameworks",
				);
				MACOSX_DEPLOYMENT_TARGET = 12.0;
				MARKETING_VERSION = 1.0;
				PRODUCT_BUNDLE_IDENTIFIER = t.org.DataStructuresStack;
				PRODUCT_NAME = DataStructuresStack;
				SDKROOT = macosx;
				SWIFT_EMIT_LOC_STRINGS = YES;
				SWIFT_VERSION = 5.0;
			};
			name = Debug;
		};
		D6C653DE27D52FF500A96D44 /* Release */ = {
			isa = XCBuildConfiguration;
			buildSettings = {
				ASSETCATALOG_COMPILER_APPICON_NAME = AppIcon;
				ASSETCATALOG_COMPILER_GLOBAL_ACCENT_COLOR_NAME = AccentColor;
				CODE_SIGN_ENTITLEMENTS = macOS/macOS.entitlements;
				CODE_SIGN_STYLE = Automatic;
				COMBINE_HIDPI_IMAGES = YES;
				CURRENT_PROJECT_VERSION = 1;
				ENABLE_PREVIEWS = YES;
				GENERATE_INFOPLIST_FILE = YES;
				INFOPLIST_KEY_NSHumanReadableCopyright = "";
				LD_RUNPATH_SEARCH_PATHS = (
					"$(inherited)",
					"@executable_path/../Frameworks",
				);
				MACOSX_DEPLOYMENT_TARGET = 12.0;
				MARKETING_VERSION = 1.0;
				PRODUCT_BUNDLE_IDENTIFIER = t.org.DataStructuresStack;
				PRODUCT_NAME = DataStructuresStack;
				SDKROOT = macosx;
				SWIFT_EMIT_LOC_STRINGS = YES;
				SWIFT_VERSION = 5.0;
			};
			name = Release;
		};
		D6C653E027D52FF500A96D44 /* Debug */ = {
			isa = XCBuildConfiguration;
			buildSettings = {
				ALWAYS_EMBED_SWIFT_STANDARD_LIBRARIES = YES;
				CODE_SIGN_STYLE = Automatic;
				CURRENT_PROJECT_VERSION = 1;
				GENERATE_INFOPLIST_FILE = YES;
				IPHONEOS_DEPLOYMENT_TARGET = 15.0;
				LD_RUNPATH_SEARCH_PATHS = (
					"$(inherited)",
					"@executable_path/Frameworks",
					"@loader_path/Frameworks",
				);
				MARKETING_VERSION = 1.0;
				PRODUCT_BUNDLE_IDENTIFIER = "t.org.Tests-iOS";
				PRODUCT_NAME = "$(TARGET_NAME)";
				SDKROOT = iphoneos;
				SWIFT_EMIT_LOC_STRINGS = NO;
				SWIFT_VERSION = 5.0;
				TARGETED_DEVICE_FAMILY = "1,2";
				TEST_TARGET_NAME = "DataStructuresStack (iOS)";
			};
			name = Debug;
		};
		D6C653E127D52FF500A96D44 /* Release */ = {
			isa = XCBuildConfiguration;
			buildSettings = {
				ALWAYS_EMBED_SWIFT_STANDARD_LIBRARIES = YES;
				CODE_SIGN_STYLE = Automatic;
				CURRENT_PROJECT_VERSION = 1;
				GENERATE_INFOPLIST_FILE = YES;
				IPHONEOS_DEPLOYMENT_TARGET = 15.0;
				LD_RUNPATH_SEARCH_PATHS = (
					"$(inherited)",
					"@executable_path/Frameworks",
					"@loader_path/Frameworks",
				);
				MARKETING_VERSION = 1.0;
				PRODUCT_BUNDLE_IDENTIFIER = "t.org.Tests-iOS";
				PRODUCT_NAME = "$(TARGET_NAME)";
				SDKROOT = iphoneos;
				SWIFT_EMIT_LOC_STRINGS = NO;
				SWIFT_VERSION = 5.0;
				TARGETED_DEVICE_FAMILY = "1,2";
				TEST_TARGET_NAME = "DataStructuresStack (iOS)";
				VALIDATE_PRODUCT = YES;
			};
			name = Release;
		};
		D6C653E327D52FF500A96D44 /* Debug */ = {
			isa = XCBuildConfiguration;
			buildSettings = {
				ALWAYS_EMBED_SWIFT_STANDARD_LIBRARIES = YES;
				CODE_SIGN_STYLE = Automatic;
				COMBINE_HIDPI_IMAGES = YES;
				CURRENT_PROJECT_VERSION = 1;
				GENERATE_INFOPLIST_FILE = YES;
				LD_RUNPATH_SEARCH_PATHS = (
					"$(inherited)",
					"@executable_path/../Frameworks",
					"@loader_path/../Frameworks",
				);
				MACOSX_DEPLOYMENT_TARGET = 12.0;
				MARKETING_VERSION = 1.0;
				PRODUCT_BUNDLE_IDENTIFIER = "t.org.Tests-macOS";
				PRODUCT_NAME = "$(TARGET_NAME)";
				SDKROOT = macosx;
				SWIFT_EMIT_LOC_STRINGS = NO;
				SWIFT_VERSION = 5.0;
				TEST_TARGET_NAME = "DataStructuresStack (macOS)";
			};
			name = Debug;
		};
		D6C653E427D52FF500A96D44 /* Release */ = {
			isa = XCBuildConfiguration;
			buildSettings = {
				ALWAYS_EMBED_SWIFT_STANDARD_LIBRARIES = YES;
				CODE_SIGN_STYLE = Automatic;
				COMBINE_HIDPI_IMAGES = YES;
				CURRENT_PROJECT_VERSION = 1;
				GENERATE_INFOPLIST_FILE = YES;
				LD_RUNPATH_SEARCH_PATHS = (
					"$(inherited)",
					"@executable_path/../Frameworks",
					"@loader_path/../Frameworks",
				);
				MACOSX_DEPLOYMENT_TARGET = 12.0;
				MARKETING_VERSION = 1.0;
				PRODUCT_BUNDLE_IDENTIFIER = "t.org.Tests-macOS";
				PRODUCT_NAME = "$(TARGET_NAME)";
				SDKROOT = macosx;
				SWIFT_EMIT_LOC_STRINGS = NO;
				SWIFT_VERSION = 5.0;
				TEST_TARGET_NAME = "DataStructuresStack (macOS)";
			};
			name = Release;
		};
/* End XCBuildConfiguration section */

/* Begin XCConfigurationList section */
		D6C653A727D52FF300A96D44 /* Build configuration list for PBXProject "DataStructuresStack" */ = {
			isa = XCConfigurationList;
			buildConfigurations = (
				D6C653D727D52FF500A96D44 /* Debug */,
				D6C653D827D52FF500A96D44 /* Release */,
			);
			defaultConfigurationIsVisible = 0;
			defaultConfigurationName = Release;
		};
		D6C653D927D52FF500A96D44 /* Build configuration list for PBXNativeTarget "DataStructuresStack (iOS)" */ = {
			isa = XCConfigurationList;
			buildConfigurations = (
				D6C653DA27D52FF500A96D44 /* Debug */,
				D6C653DB27D52FF500A96D44 /* Release */,
			);
			defaultConfigurationIsVisible = 0;
			defaultConfigurationName = Release;
		};
		D6C653DC27D52FF500A96D44 /* Build configuration list for PBXNativeTarget "DataStructuresStack (macOS)" */ = {
			isa = XCConfigurationList;
			buildConfigurations = (
				D6C653DD27D52FF500A96D44 /* Debug */,
				D6C653DE27D52FF500A96D44 /* Release */,
			);
			defaultConfigurationIsVisible = 0;
			defaultConfigurationName = Release;
		};
		D6C653DF27D52FF500A96D44 /* Build configuration list for PBXNativeTarget "Tests iOS" */ = {
			isa = XCConfigurationList;
			buildConfigurations = (
				D6C653E027D52FF500A96D44 /* Debug */,
				D6C653E127D52FF500A96D44 /* Release */,
			);
			defaultConfigurationIsVisible = 0;
			defaultConfigurationName = Release;
		};
		D6C653E227D52FF500A96D44 /* Build configuration list for PBXNativeTarget "Tests macOS" */ = {
			isa = XCConfigurationList;
			buildConfigurations = (
				D6C653E327D52FF500A96D44 /* Debug */,
				D6C653E427D52FF500A96D44 /* Release */,
			);
			defaultConfigurationIsVisible = 0;
			defaultConfigurationName = Release;
		};
/* End XCConfigurationList section */
	};
	rootObject = D6C653A427D52FF300A96D44 /* Project object */;
}
